
Microsoft Visual Studio Solution File, Format Version 12.00
# Visual Studio Version 17
VisualStudioVersion = 17.14.36212.18 d17.14
MinimumVisualStudioVersion = 10.0.40219.1
Project("{FAE04EC0-301F-11D3-BF4B-00C04F79EFBC}") = "FootWear", "FootWear\FootWear.csproj", "{3A8602ED-570D-4F84-ABF3-387AF3B8B34D}"
EndProject
Global
	GlobalSection(SolutionConfigurationPlatforms) = preSolution
		Debug|Any CPU = Debug|Any CPU
		Release|Any CPU = Release|Any CPU
	EndGlobalSection
	GlobalSection(ProjectConfigurationPlatforms) = postSolution
		{3A8602ED-570D-4F84-ABF3-387AF3B8B34D}.Debug|Any CPU.ActiveCfg = Debug|Any CPU
		{3A8602ED-570D-4F84-ABF3-387AF3B8B34D}.Debug|Any CPU.Build.0 = Debug|Any CPU
		{3A8602ED-570D-4F84-ABF3-387AF3B8B34D}.Release|Any CPU.ActiveCfg = Release|Any CPU
		{3A8602ED-570D-4F84-ABF3-387AF3B8B34D}.Release|Any CPU.Build.0 = Release|Any CPU
	EndGlobalSection
	GlobalSection(SolutionProperties) = preSolution
		HideSolutionNode = FALSE
	EndGlobalSection
	GlobalSection(ExtensibilityGlobals) = postSolution
		SolutionGuid = {BCC3BF96-B041-4F83-9783-AD5F2139B3CB}
	EndGlobalSection
EndGlobal
